PODS:
  - appscheme (1.0.4):
    - Flutter
  - audio_service (0.0.1):
    - Flutter
  - audio_session (0.0.1):
    - Flutter
  - auto_orientation (0.0.1):
    - Flutter
  - connectivity_plus (0.0.1):
    - Flutter
    - FlutterMacOS
  - device_info_plus (0.0.1):
    - Flutter
  - Flutter (1.0.0)
  - flutter_mailer (0.0.1):
    - Flutter
  - flutter_volume_controller (0.0.1):
    - Flutter
  - fluttertoast (0.0.2):
    - Flutter
    - Toast
  - gt3_flutter_plugin (0.0.9):
    - Flutter
    - GT3Captcha-iOS
  - GT3Captcha-iOS (0.15.8.3)
  - media_kit_libs_ios_video (1.0.4):
    - Flutter
  - media_kit_native_event_loop (1.0.0):
    - Flutter
  - media_kit_video (0.0.1):
    - Flutter
  - package_info_plus (0.4.5):
    - Flutter
  - path_provider_foundation (0.0.1):
    - Flutter
    - FlutterMacOS
  - permission_handler_apple (9.3.0):
    - Flutter
  - saver_gallery (0.0.1):
    - Flutter
  - screen_brightness_ios (0.1.0):
    - Flutter
  - share_plus (0.0.1):
    - Flutter
  - sqflite (0.0.3):
    - Flutter
    - FlutterMacOS
  - status_bar_control (3.2.1):
    - Flutter
  - system_proxy (0.0.1):
    - Flutter
  - Toast (4.1.0)
  - url_launcher_ios (0.0.1):
    - Flutter
  - volume_controller (0.0.1):
    - Flutter
  - wakelock_plus (0.0.1):
    - Flutter
  - webview_cookie_manager (0.0.1):
    - Flutter
  - webview_flutter_wkwebview (0.0.1):
    - Flutter

DEPENDENCIES:
  - appscheme (from `.symlinks/plugins/appscheme/ios`)
  - audio_service (from `.symlinks/plugins/audio_service/ios`)
  - audio_session (from `.symlinks/plugins/audio_session/ios`)
  - auto_orientation (from `.symlinks/plugins/auto_orientation/ios`)
  - connectivity_plus (from `.symlinks/plugins/connectivity_plus/darwin`)
  - device_info_plus (from `.symlinks/plugins/device_info_plus/ios`)
  - Flutter (from `Flutter`)
  - flutter_mailer (from `.symlinks/plugins/flutter_mailer/ios`)
  - flutter_volume_controller (from `.symlinks/plugins/flutter_volume_controller/ios`)
  - fluttertoast (from `.symlinks/plugins/fluttertoast/ios`)
  - gt3_flutter_plugin (from `.symlinks/plugins/gt3_flutter_plugin/ios`)
  - media_kit_libs_ios_video (from `.symlinks/plugins/media_kit_libs_ios_video/ios`)
  - media_kit_native_event_loop (from `.symlinks/plugins/media_kit_native_event_loop/ios`)
  - media_kit_video (from `.symlinks/plugins/media_kit_video/ios`)
  - package_info_plus (from `.symlinks/plugins/package_info_plus/ios`)
  - path_provider_foundation (from `.symlinks/plugins/path_provider_foundation/darwin`)
  - permission_handler_apple (from `.symlinks/plugins/permission_handler_apple/ios`)
  - saver_gallery (from `.symlinks/plugins/saver_gallery/ios`)
  - screen_brightness_ios (from `.symlinks/plugins/screen_brightness_ios/ios`)
  - share_plus (from `.symlinks/plugins/share_plus/ios`)
  - sqflite (from `.symlinks/plugins/sqflite/darwin`)
  - status_bar_control (from `.symlinks/plugins/status_bar_control/ios`)
  - system_proxy (from `.symlinks/plugins/system_proxy/ios`)
  - url_launcher_ios (from `.symlinks/plugins/url_launcher_ios/ios`)
  - volume_controller (from `.symlinks/plugins/volume_controller/ios`)
  - wakelock_plus (from `.symlinks/plugins/wakelock_plus/ios`)
  - webview_cookie_manager (from `.symlinks/plugins/webview_cookie_manager/ios`)
  - webview_flutter_wkwebview (from `.symlinks/plugins/webview_flutter_wkwebview/ios`)

SPEC REPOS:
  trunk:
    - GT3Captcha-iOS
    - Toast

EXTERNAL SOURCES:
  appscheme:
    :path: ".symlinks/plugins/appscheme/ios"
  audio_service:
    :path: ".symlinks/plugins/audio_service/ios"
  audio_session:
    :path: ".symlinks/plugins/audio_session/ios"
  auto_orientation:
    :path: ".symlinks/plugins/auto_orientation/ios"
  connectivity_plus:
    :path: ".symlinks/plugins/connectivity_plus/darwin"
  device_info_plus:
    :path: ".symlinks/plugins/device_info_plus/ios"
  Flutter:
    :path: Flutter
  flutter_mailer:
    :path: ".symlinks/plugins/flutter_mailer/ios"
  flutter_volume_controller:
    :path: ".symlinks/plugins/flutter_volume_controller/ios"
  fluttertoast:
    :path: ".symlinks/plugins/fluttertoast/ios"
  gt3_flutter_plugin:
    :path: ".symlinks/plugins/gt3_flutter_plugin/ios"
  media_kit_libs_ios_video:
    :path: ".symlinks/plugins/media_kit_libs_ios_video/ios"
  media_kit_native_event_loop:
    :path: ".symlinks/plugins/media_kit_native_event_loop/ios"
  media_kit_video:
    :path: ".symlinks/plugins/media_kit_video/ios"
  package_info_plus:
    :path: ".symlinks/plugins/package_info_plus/ios"
  path_provider_foundation:
    :path: ".symlinks/plugins/path_provider_foundation/darwin"
  permission_handler_apple:
    :path: ".symlinks/plugins/permission_handler_apple/ios"
  saver_gallery:
    :path: ".symlinks/plugins/saver_gallery/ios"
  screen_brightness_ios:
    :path: ".symlinks/plugins/screen_brightness_ios/ios"
  share_plus:
    :path: ".symlinks/plugins/share_plus/ios"
  sqflite:
    :path: ".symlinks/plugins/sqflite/darwin"
  status_bar_control:
    :path: ".symlinks/plugins/status_bar_control/ios"
  system_proxy:
    :path: ".symlinks/plugins/system_proxy/ios"
  url_launcher_ios:
    :path: ".symlinks/plugins/url_launcher_ios/ios"
  volume_controller:
    :path: ".symlinks/plugins/volume_controller/ios"
  wakelock_plus:
    :path: ".symlinks/plugins/wakelock_plus/ios"
  webview_cookie_manager:
    :path: ".symlinks/plugins/webview_cookie_manager/ios"
  webview_flutter_wkwebview:
    :path: ".symlinks/plugins/webview_flutter_wkwebview/ios"

SPEC CHECKSUMS:
  appscheme: d1cf187ffe3bba230f327535e004044b021d14d8
  audio_service: 2023a4a1bdb2fd1443e7b00bdbdb1baa321525db
  audio_session: f08db0697111ac84ba46191b55488c0563bb29c6
  auto_orientation: a1600c9ed72e6e96982fb4e1214463343342432a
  connectivity_plus: 2256d3e20624a7749ed21653aafe291a46446fee
  device_info_plus: 335f3ce08d2e174b9fdc3db3db0f4e3b1f66bd89
  Flutter: e0871f40cf51350855a761d2e70bf5af5b9b5de7
  flutter_mailer: 3a8cd4f36c960fb04528d5471097270c19fec1c4
  flutter_volume_controller: c2be490cb0487e8b88d0d9fc2b7e1c139a4ebccb
  fluttertoast: 76fea30fcf04176325f6864c87306927bd7d2038
  gt3_flutter_plugin: 37090e5fa66ff2a52939eb9d208fc36fa49d36e5
  GT3Captcha-iOS: 5e3b1077834d8a9d6f4d64a447a30af3e14affe6
  media_kit_libs_ios_video: 5a18affdb97d1f5d466dc79988b13eff6c5e2854
  media_kit_native_event_loop: 5fba1a849a6c87a34985f1e178a0de5bd444a0cf
  media_kit_video: 1746e198cb697d1ffb734b1d05ec429d1fcd1474
  package_info_plus: 566e1b7a2f3900e4b0020914ad3fc051dcc95596
  path_provider_foundation: 080d55be775b7414fd5a5ef3ac137b97b097e564
  permission_handler_apple: 4ed2196e43d0651e8ff7ca3483a069d469701f2d
  saver_gallery: de9ec9ee1f186f5168e757ec1fdffab8ad21d89a
  screen_brightness_ios: 5ed898fa50fa82a26171c086ca5e28228f932576
  share_plus: de6030e33b4e106470e09322d87cf2a4258d2d1d
  sqflite: c35dad70033b8862124f8337cc994a809fcd9fa3
  status_bar_control: fe3e1813ad6f09b5e06271df7e0e1e35fd356461
  system_proxy: df8f85da9db052f93da22ceb2a8f87b3058c2eb3
  Toast: ec33c32b8688982cecc6348adeae667c1b9938da
  url_launcher_ios: 694010445543906933d732453a59da0a173ae33d
  volume_controller: ca1cde542ee70fad77d388f82e9616488110942b
  wakelock_plus: fd58c82b1388f4afe3fe8aa2c856503a262a5b03
  webview_cookie_manager: d63a76cabdf42a7ea3d92768ac67d4853a1367f8
  webview_flutter_wkwebview: 45a041c7831641076618876de3ba75c712860c6b

PODFILE CHECKSUM: 637cd290bed23275b5f5ffcc7eb1e73d0a5fb2be

COCOAPODS: 1.16.2
